{
  "name": "bds-docs",
  "version": "1.0.0",
  "lockfileVersion": 3,
  "requires": true,
  "packages": {
    "": {
      "name": "bds-docs",
      "version": "1.0.0",
      "license": "MIT",
      "dependencies": {
        "@minecraft/server": "beta",
        "@minecraft/server-net": "beta",
        "@minecraft/server-ui": "beta",
        "minimatch": "^10.0.1",
        "unzip-stream": "^0.3.4"
      },
      "devDependencies": {
        "@types/node": "^22.7.4",
        "rolldown": "^0.15.0-snapshot-86db816-20241210003559",
        "typescript": "^5.7.2"
      }
    },
    "node_modules/@minecraft/common": {
      "version": "1.2.0",
      "resolved": "https://registry.npmjs.org/@minecraft/common/-/common-1.2.0.tgz",
      "integrity": "sha512-JdmEq4P3Z/FtoBzhLijFgMSVFnFRrUoLwY8DHHrgtFo0mfLTOLTB1RErYjLMsA6b7BGVNxkX/pfFRiH7QZ0XwQ==",
      "license": "MIT"
    },
    "node_modules/@minecraft/server": {
      "version": "1.18.0-beta.1.21.60-preview.23",
      "resolved": "https://registry.npmjs.org/@minecraft/server/-/server-1.18.0-beta.1.21.60-preview.23.tgz",
      "integrity": "sha512-ZW/ygEQDtcA15K7vPNsEIIE0j2GsJj6FFSOptnARUl88bfWd33D6Gn9kA2Gv/d9+XgyHIv3wqfe1nMd700GH/w==",
      "license": "MIT",
      "dependencies": {
        "@minecraft/common": "^1.1.0"
      },
      "peerDependencies": {
        "@minecraft/vanilla-data": ">=1.20.70"
      }
    },
    "node_modules/@minecraft/server-admin": {
      "version": "1.0.0-beta.11940b24",
      "resolved": "https://registry.npmjs.org/@minecraft/server-admin/-/server-admin-1.0.0-beta.11940b24.tgz",
      "integrity": "sha512-UZ8YyB8mvF31f22+uM67gJums9d6NDgz9AQ2l4a++EHUP9uen0m3aaBaqM9RyumJpRBJbv/hslAKOyeDT01qew==",
      "license": "MIT"
    },
    "node_modules/@minecraft/server-net": {
      "version": "1.0.0-beta.1.21.60-preview.23",
      "resolved": "https://registry.npmjs.org/@minecraft/server-net/-/server-net-1.0.0-beta.1.21.60-preview.23.tgz",
      "integrity": "sha512-nKwb+HCPNC99yP4vpaqXHEHankvSDNI3j9Qw0/4V+fouCKWDKB06z0VWeNJ9jfm3jWu7RQXcle4ukhMLYsSR5A==",
      "license": "MIT",
      "dependencies": {
        "@minecraft/common": "^1.0.0",
        "@minecraft/server": "^1.0.0",
        "@minecraft/server-admin": "^1.0.0-beta.1.21.60-preview.23"
      }
    },
    "node_modules/@minecraft/server-net/node_modules/@minecraft/server": {
      "version": "1.16.0",
      "resolved": "https://registry.npmjs.org/@minecraft/server/-/server-1.16.0.tgz",
      "integrity": "sha512-Rm4lVM8/T8+QLIyAer3tPz1P5FAvJc5MhFrYzIt+sdd6y4DVENu4y9/Vucb19mBXJB/+Dt7uDb8RQG/xAWVExA==",
      "license": "MIT",
      "dependencies": {
        "@minecraft/common": "^1.1.0"
      }
    },
    "node_modules/@minecraft/server-ui": {
      "version": "1.4.0-beta.1.21.60-preview.23",
      "resolved": "https://registry.npmjs.org/@minecraft/server-ui/-/server-ui-1.4.0-beta.1.21.60-preview.23.tgz",
      "integrity": "sha512-zEIqxcH7meH03E49aDlVWCgmdXpDWCLd96veoWRIC90kTFzalbdcIoAtVfZvIET59k+aWQ/I9oBP7KdlXSO5wQ==",
      "license": "MIT",
      "dependencies": {
        "@minecraft/common": "^1.0.0",
        "@minecraft/server": "^1.8.0"
      }
    },
    "node_modules/@minecraft/server-ui/node_modules/@minecraft/server": {
      "version": "1.16.0",
      "resolved": "https://registry.npmjs.org/@minecraft/server/-/server-1.16.0.tgz",
      "integrity": "sha512-Rm4lVM8/T8+QLIyAer3tPz1P5FAvJc5MhFrYzIt+sdd6y4DVENu4y9/Vucb19mBXJB/+Dt7uDb8RQG/xAWVExA==",
      "license": "MIT",
      "dependencies": {
        "@minecraft/common": "^1.1.0"
      }
    },
    "node_modules/@minecraft/vanilla-data": {
      "version": "1.21.50",
      "resolved": "https://registry.npmjs.org/@minecraft/vanilla-data/-/vanilla-data-1.21.50.tgz",
      "integrity": "sha512-4tOzFRGyMxuFLJPo/tN68/FKQwTAxINxFVz4frRcSBliVbAq6hDsDcRcUykWCRFbIU59HG73r6DxwqDOc3Z3wQ==",
      "license": "MIT",
      "peer": true
    },
    "node_modules/@rolldown/binding-win32-x64-msvc": {
      "version": "0.15.0",
      "resolved": "https://registry.npmjs.org/@rolldown/binding-win32-x64-msvc/-/binding-win32-x64-msvc-0.15.0.tgz",
      "integrity": "sha512-HlakXIO1Hi/eqqfYors4JxKsa8bH5upnWwbYO8IAduaqT7XLoMshagvA3+8Kf4mVWdKFIaqhJaO0E0vstEeM+g==",
      "cpu": [
        "x64"
      ],
      "dev": true,
      "license": "MIT",
      "optional": true,
      "os": [
        "win32"
      ]
    },
    "node_modules/@types/node": {
      "version": "22.10.1",
      "resolved": "https://registry.npmjs.org/@types/node/-/node-22.10.1.tgz",
      "integrity": "sha512-qKgsUwfHZV2WCWLAnVP1JqnpE6Im6h3Y0+fYgMTasNQ7V++CBX5OT1as0g0f+OyubbFqhf6XVNIsmN4IIhEgGQ==",
      "dev": true,
      "license": "MIT",
      "dependencies": {
        "undici-types": "~6.20.0"
      }
    },
    "node_modules/balanced-match": {
      "version": "1.0.2",
      "resolved": "https://registry.npmjs.org/balanced-match/-/balanced-match-1.0.2.tgz",
      "integrity": "sha512-3oSeUO0TMV67hN1AmbXsK4yaqU7tjiHlbxRDZOpH0KW9+CeX4bRAaX0Anxt0tx2MrpRpWwQaPwIlISEJhYU5Pw==",
      "license": "MIT"
    },
    "node_modules/binary": {
      "version": "0.3.0",
      "resolved": "https://registry.npmjs.org/binary/-/binary-0.3.0.tgz",
      "integrity": "sha512-D4H1y5KYwpJgK8wk1Cue5LLPgmwHKYSChkbspQg5JtVuR5ulGckxfR62H3AE9UDkdMC8yyXlqYihuz3Aqg2XZg==",
      "license": "MIT",
      "dependencies": {
        "buffers": "~0.1.1",
        "chainsaw": "~0.1.0"
      },
      "engines": {
        "node": "*"
      }
    },
    "node_modules/brace-expansion": {
      "version": "2.0.1",
      "resolved": "https://registry.npmjs.org/brace-expansion/-/brace-expansion-2.0.1.tgz",
      "integrity": "sha512-XnAIvQ8eM+kC6aULx6wuQiwVsnzsi9d3WxzV3FpWTGA19F621kwdbsAcFKXgKUHZWsy+mY6iL1sHTxWEFCytDA==",
      "license": "MIT",
      "dependencies": {
        "balanced-match": "^1.0.0"
      }
    },
    "node_modules/buffers": {
      "version": "0.1.1",
      "resolved": "https://registry.npmjs.org/buffers/-/buffers-0.1.1.tgz",
      "integrity": "sha512-9q/rDEGSb/Qsvv2qvzIzdluL5k7AaJOTrw23z9reQthrbF7is4CtlT0DXyO1oei2DCp4uojjzQ7igaSHp1kAEQ==",
      "engines": {
        "node": ">=0.2.0"
      }
    },
    "node_modules/chainsaw": {
      "version": "0.1.0",
      "resolved": "https://registry.npmjs.org/chainsaw/-/chainsaw-0.1.0.tgz",
      "integrity": "sha512-75kWfWt6MEKNC8xYXIdRpDehRYY/tNSgwKaJq+dbbDcxORuVrrQ+SEHoWsniVn9XPYfP4gmdWIeDk/4YNp1rNQ==",
      "license": "MIT/X11",
      "dependencies": {
        "traverse": ">=0.3.0 <0.4"
      },
      "engines": {
        "node": "*"
      }
    },
    "node_modules/minimatch": {
      "version": "10.0.1",
      "resolved": "https://registry.npmjs.org/minimatch/-/minimatch-10.0.1.tgz",
      "integrity": "sha512-ethXTt3SGGR+95gudmqJ1eNhRO7eGEGIgYA9vnPatK4/etz2MEVDno5GMCibdMTuBMyElzIlgxMna3K94XDIDQ==",
      "license": "ISC",
      "dependencies": {
        "brace-expansion": "^2.0.1"
      },
      "engines": {
        "node": "20 || >=22"
      },
      "funding": {
        "url": "https://github.com/sponsors/isaacs"
      }
    },
    "node_modules/minimist": {
      "version": "1.2.8",
      "resolved": "https://registry.npmjs.org/minimist/-/minimist-1.2.8.tgz",
      "integrity": "sha512-2yyAR8qBkN3YuheJanUpWC5U3bb5osDywNB8RzDVlDwDHbocAJveqqj1u8+SVD7jkWT4yvsHCpWqqWqAxb0zCA==",
      "license": "MIT",
      "funding": {
        "url": "https://github.com/sponsors/ljharb"
      }
    },
    "node_modules/mkdirp": {
      "version": "0.5.6",
      "resolved": "https://registry.npmjs.org/mkdirp/-/mkdirp-0.5.6.tgz",
      "integrity": "sha512-FP+p8RB8OWpF3YZBCrP5gtADmtXApB5AMLn+vdyA+PyxCjrCs00mjyUozssO33cwDeT3wNGdLxJ5M//YqtHAJw==",
      "license": "MIT",
      "dependencies": {
        "minimist": "^1.2.6"
      },
      "bin": {
        "mkdirp": "bin/cmd.js"
      }
    },
    "node_modules/rolldown": {
      "version": "0.15.0",
      "resolved": "https://registry.npmjs.org/rolldown/-/rolldown-0.15.0.tgz",
      "integrity": "sha512-R+OnyuN+t91ZszrNmBRG/1rIPFEH4RuBGYX9lDnCNXvz74w9bxZxzpyUK0bOhxXiNeWPVoylrH/itJJAUDSTEw==",
      "dev": true,
      "license": "MIT",
      "dependencies": {
        "zod": "^3.23.8"
      },
      "bin": {
        "rolldown": "bin/cli.js"
      },
      "optionalDependencies": {
        "@rolldown/binding-darwin-arm64": "0.15.0",
        "@rolldown/binding-darwin-x64": "0.15.0",
        "@rolldown/binding-freebsd-x64": "0.15.0",
        "@rolldown/binding-linux-arm-gnueabihf": "0.15.0",
        "@rolldown/binding-linux-arm64-gnu": "0.15.0",
        "@rolldown/binding-linux-arm64-musl": "0.15.0",
        "@rolldown/binding-linux-x64-gnu": "0.15.0",
        "@rolldown/binding-linux-x64-musl": "0.15.0",
        "@rolldown/binding-wasm32-wasi": "0.15.0",
        "@rolldown/binding-win32-arm64-msvc": "0.15.0",
        "@rolldown/binding-win32-ia32-msvc": "0.15.0",
        "@rolldown/binding-win32-x64-msvc": "0.15.0"
      },
      "peerDependencies": {
        "@babel/runtime": ">=7"
      },
      "peerDependenciesMeta": {
        "@babel/runtime": {
          "optional": true
        }
      }
    },
    "node_modules/traverse": {
      "version": "0.3.9",
      "resolved": "https://registry.npmjs.org/traverse/-/traverse-0.3.9.tgz",
      "integrity": "sha512-iawgk0hLP3SxGKDfnDJf8wTz4p2qImnyihM5Hh/sGvQ3K37dPi/w8sRhdNIxYA1TwFwc5mDhIJq+O0RsvXBKdQ==",
      "license": "MIT/X11",
      "engines": {
        "node": "*"
      }
    },
    "node_modules/typescript": {
      "version": "5.7.2",
      "resolved": "https://registry.npmjs.org/typescript/-/typescript-5.7.2.tgz",
      "integrity": "sha512-i5t66RHxDvVN40HfDd1PsEThGNnlMCMT3jMUuoh9/0TaqWevNontacunWyN02LA9/fIbEWlcHZcgTKb9QoaLfg==",
      "dev": true,
      "license": "Apache-2.0",
      "bin": {
        "tsc": "bin/tsc",
        "tsserver": "bin/tsserver"
      },
      "engines": {
        "node": ">=14.17"
      }
    },
    "node_modules/undici-types": {
      "version": "6.20.0",
      "resolved": "https://registry.npmjs.org/undici-types/-/undici-types-6.20.0.tgz",
      "integrity": "sha512-Ny6QZ2Nju20vw1SRHe3d9jVu6gJ+4e3+MMpqu7pqE5HT6WsTSlce++GQmK5UXS8mzV8DSYHrQH+Xrf2jVcuKNg==",
      "dev": true,
      "license": "MIT"
    },
    "node_modules/unzip-stream": {
      "version": "0.3.4",
      "resolved": "https://registry.npmjs.org/unzip-stream/-/unzip-stream-0.3.4.tgz",
      "integrity": "sha512-PyofABPVv+d7fL7GOpusx7eRT9YETY2X04PhwbSipdj6bMxVCFJrr+nm0Mxqbf9hUiTin/UsnuFWBXlDZFy0Cw==",
      "license": "MIT",
      "dependencies": {
        "binary": "^0.3.0",
        "mkdirp": "^0.5.1"
      }
    },
    "node_modules/zod": {
      "version": "3.24.0",
      "resolved": "https://registry.npmjs.org/zod/-/zod-3.24.0.tgz",
      "integrity": "sha512-Hz+wiY8yD0VLA2k/+nsg2Abez674dDGTai33SwNvMPuf9uIrBC9eFgIMQxBBbHFxVXi8W+5nX9DcAh9YNSQm/w==",
      "dev": true,
      "license": "MIT",
      "funding": {
        "url": "https://github.com/sponsors/colinhacks"
      }
    }
  }
}
