lockfileVersion: '9.0'

settings:
  autoInstallPeers: true
  excludeLinksFromLockfile: false

importers:

  .:
    dependencies:
      '@minecraft/server':
        specifier: 2.1.0-beta.1.21.90-preview.23
        version: 2.1.0-beta.1.21.90-preview.23(@minecraft/vanilla-data@1.21.80)
      '@minecraft/server-net':
        specifier: 1.0.0-beta.1.21.90-preview.23
        version: 1.0.0-beta.1.21.90-preview.23(@minecraft/vanilla-data@1.21.80)
      '@minecraft/server-ui':
        specifier: 2.1.0-beta.1.21.90-preview.23
        version: 2.1.0-beta.1.21.90-preview.23(@minecraft/vanilla-data@1.21.80)
      minimatch:
        specifier: ^10.0.1
        version: 10.0.1
    devDependencies:
      '@types/node':
        specifier: ^22.7.4
        version: 22.15.17
      prettier:
        specifier: ^3.5.3
        version: 3.5.3
      rolldown:
        specifier: 1.0.0-beta.29-commit.fe1bea3
        version: 1.0.0-beta.29-commit.fe1bea3
      typescript:
        specifier: ^5.8.3
        version: 5.8.3

packages:

  '@emnapi/core@1.4.5':
    resolution: {integrity: sha512-XsLw1dEOpkSX/WucdqUhPWP7hDxSvZiY+fsUC14h+FtQ2Ifni4znbBt8punRX+Uj2JG/uDb8nEHVKvrVlvdZ5Q==}

  '@emnapi/runtime@1.4.5':
    resolution: {integrity: sha512-++LApOtY0pEEz1zrd9vy1/zXVaVJJ/EbAF3u0fXIzPJEDtnITsBGbbK0EkM72amhl/R5b+5xx0Y/QhcVOpuulg==}

  '@emnapi/wasi-threads@1.0.4':
    resolution: {integrity: sha512-PJR+bOmMOPH8AtcTGAyYNiuJ3/Fcoj2XN/gBEWzDIKh254XO+mM9XoXHk5GNEhodxeMznbg7BlRojVbKN+gC6g==}

  '@minecraft/common@1.2.0':
    resolution: {integrity: sha512-JdmEq4P3Z/FtoBzhLijFgMSVFnFRrUoLwY8DHHrgtFo0mfLTOLTB1RErYjLMsA6b7BGVNxkX/pfFRiH7QZ0XwQ==}

  '@minecraft/server-admin@1.0.0-beta.11940b24':
    resolution: {integrity: sha512-UZ8YyB8mvF31f22+uM67gJums9d6NDgz9AQ2l4a++EHUP9uen0m3aaBaqM9RyumJpRBJbv/hslAKOyeDT01qew==}

  '@minecraft/server-net@1.0.0-beta.1.21.90-preview.23':
    resolution: {integrity: sha512-vJH2Vid7ILny8270uU2RycazGRNll5iP8d/UAVHvOzaXQN5o9e9+MwqmDlkiSr1vbCWbGv/uSHmn0rHs78EJ9Q==}

  '@minecraft/server-ui@2.1.0-beta.1.21.90-preview.23':
    resolution: {integrity: sha512-ftzOKo2L+RCLX+mAf5NgkWAroasEsMbLmlcmshwWBgXdSpbfszB85WbY7aHMmvsIfKaqCHHlv/SphiTofn3U9g==}

  '@minecraft/server@2.0.0-rc.1.21.90-preview.23':
    resolution: {integrity: sha512-ndS0uWiGtgrlqUma71/8lZNW7ccTC2EaIhE+wVG0kTsV1pRm1f1YXkFj8DMpZ1WA921BUI+WlUMDLiGYxypZTw==}
    peerDependencies:
      '@minecraft/vanilla-data': '>=1.20.70'

  '@minecraft/server@2.1.0-beta.1.21.90-preview.23':
    resolution: {integrity: sha512-mlXjbUUIcahQctpioyblR6l/tbLLOXT03OUwMYPhKxuZW9nRPIgkf/Un/AiUWx3sJZhhLs2v+A8mO9vtPeLelw==}
    peerDependencies:
      '@minecraft/vanilla-data': '>=1.20.70'

  '@minecraft/vanilla-data@1.21.80':
    resolution: {integrity: sha512-wm6GkTrVbl/8oFFyXL7iDaYj1a+sH6fpYthonxCmoWK/48mf1x1ZvrTZB1rdJFnMo7euNDMnib6uXut6qFmzpw==}

  '@napi-rs/wasm-runtime@1.0.1':
    resolution: {integrity: sha512-KVlQ/jgywZpixGCKMNwxStmmbYEMyokZpCf2YuIChhfJA2uqfAKNEM8INz7zzTo55iEXfBhIIs3VqYyqzDLj8g==}

  '@oxc-project/runtime@0.77.3':
    resolution: {integrity: sha512-vsC/ewcGJ7xXnnwZkku7rpPH5Lxb5g4J+V6lD9eBTnRLmXVXM7Qu50y+ozD+UD5IXaSoVOvVMGTT4YSNCz2MQQ==}
    engines: {node: '>=6.9.0'}

  '@oxc-project/types@0.77.3':
    resolution: {integrity: sha512-5Vh+neJhhxuF0lYCjZXbxjqm2EO6YJ1jG+KuHntrd6VY67OMpYhWq2cZhUhy+xL9qLJVJRaeII7Xj9fciA6v7A==}

  '@rolldown/binding-android-arm64@1.0.0-beta.29-commit.fe1bea3':
    resolution: {integrity: sha512-Nx3ncHgW4gGVD2b9WsqhhLD9yG1nYnqPAQkx9cZ7HY4NLcstNWSD8Rb7wUu7OtGdb3KpmeJVmkQ2JxelUbEwow==}
    cpu: [arm64]
    os: [android]

  '@rolldown/binding-darwin-arm64@1.0.0-beta.29-commit.fe1bea3':
    resolution: {integrity: sha512-PuZn+tNZFT4qM3ID+8p85pVJLJjnfGNArfYf/KyyvNmqvSaYulR+3ZDNVsu/IDvNtNzkRUCEwEA9yRf/cEZmiA==}
    cpu: [arm64]
    os: [darwin]

  '@rolldown/binding-darwin-x64@1.0.0-beta.29-commit.fe1bea3':
    resolution: {integrity: sha512-GIhNLx+DfnMfu8+vo4Uy2bRm07u6VHivMIA9Yhm/XOfR48twsPtDFzwmzPdJXCP6kgDM8A+UG1SejYIsHRv3tg==}
    cpu: [x64]
    os: [darwin]

  '@rolldown/binding-freebsd-x64@1.0.0-beta.29-commit.fe1bea3':
    resolution: {integrity: sha512-N1ZxWsdTiyPrkHGQoQ1I+BbBjg6+6kP9uSbfBg3omzBNfPtqf+CG7A/ccRcaTZXTsuDaLrR0pgTLYyUbDsQ58g==}
    cpu: [x64]
    os: [freebsd]

  '@rolldown/binding-linux-arm-gnueabihf@1.0.0-beta.29-commit.fe1bea3':
    resolution: {integrity: sha512-FXwal91oEH6xfMfoAgpAX4nXzmLyFPk0uwE+elZlmywm9qO4ZF5d7IcRyxTQ9XeN1DQjdKozOVElaLQQenU4TA==}
    cpu: [arm]
    os: [linux]

  '@rolldown/binding-linux-arm64-gnu@1.0.0-beta.29-commit.fe1bea3':
    resolution: {integrity: sha512-kc5n3FQhDGYkYXALoRGYtz2pIYqKcy5UNJ4D7KBdvcfrZFM2Usr1Xm8kQdA2j0CI0gHzKTdR7HdqaOoWbu9haQ==}
    cpu: [arm64]
    os: [linux]

  '@rolldown/binding-linux-arm64-musl@1.0.0-beta.29-commit.fe1bea3':
    resolution: {integrity: sha512-qbiWZgyWucpKJ47Hq6ocxI8QBgy1KTnZYJ/hc919J+tnjcowk5IUo7R/A1hTSJ9EtnbAPRu+gFYo91CqGaFbhA==}
    cpu: [arm64]
    os: [linux]

  '@rolldown/binding-linux-arm64-ohos@1.0.0-beta.29-commit.fe1bea3':
    resolution: {integrity: sha512-auEVsT4/RRw7uu+GIoRvWEhszowa/Sdey0FRbv5rnKOJY5wP6VB1xLMrtmZAqjFTskOSM/W6NIiCrW6CGq0LMg==}
    cpu: [arm64]
    os: [openharmony]

  '@rolldown/binding-linux-x64-gnu@1.0.0-beta.29-commit.fe1bea3':
    resolution: {integrity: sha512-gwEDyV2DW5x+CJv2LlB2JfqtXM0bVcYsnH/qdlEHouMLVvNzV+cWYaUU23J6C4t7pfBk9lpnXY8O5CAYpufw7g==}
    cpu: [x64]
    os: [linux]

  '@rolldown/binding-linux-x64-musl@1.0.0-beta.29-commit.fe1bea3':
    resolution: {integrity: sha512-TTHtZ0y5WxqWnOFoqowQfYJyD2QjcEOO0E9NpgIjuZQJJtG85Mp8UuDzsHKPSdQ6OYqiG0JM+6OVAnYEgoDONw==}
    cpu: [x64]
    os: [linux]

  '@rolldown/binding-wasm32-wasi@1.0.0-beta.29-commit.fe1bea3':
    resolution: {integrity: sha512-LjL6kTABP6hyuSs0jSPJ2UG22A+YutY2j9dnCxFqWzzdmbNrKq/mTVWeVssexVqkrWtfLE4ub0GbHaojo6p/ow==}
    engines: {node: '>=14.0.0'}
    cpu: [wasm32]

  '@rolldown/binding-win32-arm64-msvc@1.0.0-beta.29-commit.fe1bea3':
    resolution: {integrity: sha512-+5eYgU0hrU+1he04825GuCSzOFtaG1QlsmjXO8vFqn+ft3epVbOX3jTulxMvx6grVn4mNSkWb2gFFDlfkE7OVA==}
    cpu: [arm64]
    os: [win32]

  '@rolldown/binding-win32-ia32-msvc@1.0.0-beta.29-commit.fe1bea3':
    resolution: {integrity: sha512-lPdv/30GOTGEWBHJ8B3KXfcetfmk/v77j/5TTlDoM+EeUAzFoykQDH5Sy75gmDgwv/YOjI19/FlixxolHDKZvQ==}
    cpu: [ia32]
    os: [win32]

  '@rolldown/binding-win32-x64-msvc@1.0.0-beta.29-commit.fe1bea3':
    resolution: {integrity: sha512-BhakcvEkjBjRWO9ashBbxyGN7IzilIwhf9/syGLpO9+s6XxLNgWk2IMqKW5Mu+ScwpgpXjq6r0QFIDeiPoUu9w==}
    cpu: [x64]
    os: [win32]

  '@rolldown/pluginutils@1.0.0-beta.29-commit.fe1bea3':
    resolution: {integrity: sha512-GUGR+yGmGMvlGajShgbNWAzgY6bcZiRPxOvdBqjokb9KZVVsu3HouKjsLNRAvua/hISq2Ye0rABJ2RckGHLQcA==}

  '@tybys/wasm-util@0.10.0':
    resolution: {integrity: sha512-VyyPYFlOMNylG45GoAe0xDoLwWuowvf92F9kySqzYh8vmYm7D2u4iUJKa1tOUpS70Ku13ASrOkS4ScXFsTaCNQ==}

  '@types/node@22.15.17':
    resolution: {integrity: sha512-wIX2aSZL5FE+MR0JlvF87BNVrtFWf6AE6rxSE9X7OwnVvoyCQjpzSRJ+M87se/4QCkCiebQAqrJ0y6fwIyi7nw==}

  ansis@4.1.0:
    resolution: {integrity: sha512-BGcItUBWSMRgOCe+SVZJ+S7yTRG0eGt9cXAHev72yuGcY23hnLA7Bky5L/xLyPINoSN95geovfBkqoTlNZYa7w==}
    engines: {node: '>=14'}

  balanced-match@1.0.2:
    resolution: {integrity: sha512-3oSeUO0TMV67hN1AmbXsK4yaqU7tjiHlbxRDZOpH0KW9+CeX4bRAaX0Anxt0tx2MrpRpWwQaPwIlISEJhYU5Pw==}

  brace-expansion@2.0.1:
    resolution: {integrity: sha512-XnAIvQ8eM+kC6aULx6wuQiwVsnzsi9d3WxzV3FpWTGA19F621kwdbsAcFKXgKUHZWsy+mY6iL1sHTxWEFCytDA==}

  minimatch@10.0.1:
    resolution: {integrity: sha512-ethXTt3SGGR+95gudmqJ1eNhRO7eGEGIgYA9vnPatK4/etz2MEVDno5GMCibdMTuBMyElzIlgxMna3K94XDIDQ==}
    engines: {node: 20 || >=22}

  prettier@3.5.3:
    resolution: {integrity: sha512-QQtaxnoDJeAkDvDKWCLiwIXkTgRhwYDEQCghU9Z6q03iyek/rxRh/2lC3HB7P8sWT2xC/y5JDctPLBIGzHKbhw==}
    engines: {node: '>=14'}
    hasBin: true

  rolldown@1.0.0-beta.29-commit.fe1bea3:
    resolution: {integrity: sha512-/G9tuzKv3DlRqZDBLxKZVa2HHsMydt2uw5k7fAVP6nAqF7APci8j9QeAbrKfv05aewhQ6dDh00YDhG5hsHSf0w==}
    hasBin: true

  tslib@2.8.1:
    resolution: {integrity: sha512-oJFu94HQb+KVduSUQL7wnpmqnfmLsOA/nAh6b6EH0wCEoK0/mPeXU6c3wKDV83MkOuHPRHtSXKKU99IBazS/2w==}

  typescript@5.8.3:
    resolution: {integrity: sha512-p1diW6TqL9L07nNxvRMM7hMMw4c5XOo/1ibL4aAIGmSAt9slTE1Xgw5KWuof2uTOvCg9BY7ZRi+GaF+7sfgPeQ==}
    engines: {node: '>=14.17'}
    hasBin: true

  undici-types@6.21.0:
    resolution: {integrity: sha512-iwDZqg0QAGrg9Rav5H4n0M64c3mkR59cJ6wQp+7C4nI0gsmExaedaYLNO44eT4AtBBwjbTiGPMlt2Md0T9H9JQ==}

snapshots:

  '@emnapi/core@1.4.5':
    dependencies:
      '@emnapi/wasi-threads': 1.0.4
      tslib: 2.8.1
    optional: true

  '@emnapi/runtime@1.4.5':
    dependencies:
      tslib: 2.8.1
    optional: true

  '@emnapi/wasi-threads@1.0.4':
    dependencies:
      tslib: 2.8.1
    optional: true

  '@minecraft/common@1.2.0': {}

  '@minecraft/server-admin@1.0.0-beta.11940b24': {}

  '@minecraft/server-net@1.0.0-beta.1.21.90-preview.23(@minecraft/vanilla-data@1.21.80)':
    dependencies:
      '@minecraft/common': 1.2.0
      '@minecraft/server': 2.0.0-rc.1.21.90-preview.23(@minecraft/vanilla-data@1.21.80)
      '@minecraft/server-admin': 1.0.0-beta.11940b24
    transitivePeerDependencies:
      - '@minecraft/vanilla-data'

  '@minecraft/server-ui@2.1.0-beta.1.21.90-preview.23(@minecraft/vanilla-data@1.21.80)':
    dependencies:
      '@minecraft/common': 1.2.0
      '@minecraft/server': 2.0.0-rc.1.21.90-preview.23(@minecraft/vanilla-data@1.21.80)
    transitivePeerDependencies:
      - '@minecraft/vanilla-data'

  '@minecraft/server@2.0.0-rc.1.21.90-preview.23(@minecraft/vanilla-data@1.21.80)':
    dependencies:
      '@minecraft/common': 1.2.0
      '@minecraft/vanilla-data': 1.21.80

  '@minecraft/server@2.1.0-beta.1.21.90-preview.23(@minecraft/vanilla-data@1.21.80)':
    dependencies:
      '@minecraft/common': 1.2.0
      '@minecraft/vanilla-data': 1.21.80

  '@minecraft/vanilla-data@1.21.80': {}

  '@napi-rs/wasm-runtime@1.0.1':
    dependencies:
      '@emnapi/core': 1.4.5
      '@emnapi/runtime': 1.4.5
      '@tybys/wasm-util': 0.10.0
    optional: true

  '@oxc-project/runtime@0.77.3': {}

  '@oxc-project/types@0.77.3': {}

  '@rolldown/binding-android-arm64@1.0.0-beta.29-commit.fe1bea3':
    optional: true

  '@rolldown/binding-darwin-arm64@1.0.0-beta.29-commit.fe1bea3':
    optional: true

  '@rolldown/binding-darwin-x64@1.0.0-beta.29-commit.fe1bea3':
    optional: true

  '@rolldown/binding-freebsd-x64@1.0.0-beta.29-commit.fe1bea3':
    optional: true

  '@rolldown/binding-linux-arm-gnueabihf@1.0.0-beta.29-commit.fe1bea3':
    optional: true

  '@rolldown/binding-linux-arm64-gnu@1.0.0-beta.29-commit.fe1bea3':
    optional: true

  '@rolldown/binding-linux-arm64-musl@1.0.0-beta.29-commit.fe1bea3':
    optional: true

  '@rolldown/binding-linux-arm64-ohos@1.0.0-beta.29-commit.fe1bea3':
    optional: true

  '@rolldown/binding-linux-x64-gnu@1.0.0-beta.29-commit.fe1bea3':
    optional: true

  '@rolldown/binding-linux-x64-musl@1.0.0-beta.29-commit.fe1bea3':
    optional: true

  '@rolldown/binding-wasm32-wasi@1.0.0-beta.29-commit.fe1bea3':
    dependencies:
      '@napi-rs/wasm-runtime': 1.0.1
    optional: true

  '@rolldown/binding-win32-arm64-msvc@1.0.0-beta.29-commit.fe1bea3':
    optional: true

  '@rolldown/binding-win32-ia32-msvc@1.0.0-beta.29-commit.fe1bea3':
    optional: true

  '@rolldown/binding-win32-x64-msvc@1.0.0-beta.29-commit.fe1bea3':
    optional: true

  '@rolldown/pluginutils@1.0.0-beta.29-commit.fe1bea3': {}

  '@tybys/wasm-util@0.10.0':
    dependencies:
      tslib: 2.8.1
    optional: true

  '@types/node@22.15.17':
    dependencies:
      undici-types: 6.21.0

  ansis@4.1.0: {}

  balanced-match@1.0.2: {}

  brace-expansion@2.0.1:
    dependencies:
      balanced-match: 1.0.2

  minimatch@10.0.1:
    dependencies:
      brace-expansion: 2.0.1

  prettier@3.5.3: {}

  rolldown@1.0.0-beta.29-commit.fe1bea3:
    dependencies:
      '@oxc-project/runtime': 0.77.3
      '@oxc-project/types': 0.77.3
      '@rolldown/pluginutils': 1.0.0-beta.29-commit.fe1bea3
      ansis: 4.1.0
    optionalDependencies:
      '@rolldown/binding-android-arm64': 1.0.0-beta.29-commit.fe1bea3
      '@rolldown/binding-darwin-arm64': 1.0.0-beta.29-commit.fe1bea3
      '@rolldown/binding-darwin-x64': 1.0.0-beta.29-commit.fe1bea3
      '@rolldown/binding-freebsd-x64': 1.0.0-beta.29-commit.fe1bea3
      '@rolldown/binding-linux-arm-gnueabihf': 1.0.0-beta.29-commit.fe1bea3
      '@rolldown/binding-linux-arm64-gnu': 1.0.0-beta.29-commit.fe1bea3
      '@rolldown/binding-linux-arm64-musl': 1.0.0-beta.29-commit.fe1bea3
      '@rolldown/binding-linux-arm64-ohos': 1.0.0-beta.29-commit.fe1bea3
      '@rolldown/binding-linux-x64-gnu': 1.0.0-beta.29-commit.fe1bea3
      '@rolldown/binding-linux-x64-musl': 1.0.0-beta.29-commit.fe1bea3
      '@rolldown/binding-wasm32-wasi': 1.0.0-beta.29-commit.fe1bea3
      '@rolldown/binding-win32-arm64-msvc': 1.0.0-beta.29-commit.fe1bea3
      '@rolldown/binding-win32-ia32-msvc': 1.0.0-beta.29-commit.fe1bea3
      '@rolldown/binding-win32-x64-msvc': 1.0.0-beta.29-commit.fe1bea3

  tslib@2.8.1:
    optional: true

  typescript@5.8.3: {}

  undici-types@6.21.0: {}
