lockfileVersion: '9.0'

settings:
  autoInstallPeers: true
  excludeLinksFromLockfile: false

importers:

  .:
    dependencies:
      '@minecraft/server':
        specifier: '*'
        version: 1.19.0(@minecraft/vanilla-data@1.21.80)
      '@minecraft/server-net':
        specifier: '*'
        version: 1.0.0-beta.11940b24
      '@minecraft/server-ui':
        specifier: '*'
        version: 1.3.0(@minecraft/vanilla-data@1.21.80)
      minimatch:
        specifier: ^10.0.1
        version: 10.0.1
      unzip-stream:
        specifier: ^0.3.4
        version: 0.3.4
    devDependencies:
      '@types/node':
        specifier: ^22.7.4
        version: 22.15.17
      prettier:
        specifier: ^3.5.3
        version: 3.5.3
      rolldown:
        specifier: ^0.15.0-snapshot-3cea4f5-20241211003613
        version: 0.15.1
      typescript:
        specifier: ^5.7.2
        version: 5.8.3

packages:

  '@emnapi/core@1.4.3':
    resolution: {integrity: sha512-4m62DuCE07lw01soJwPiBGC0nAww0Q+RY70VZ+n49yDIO13yyinhbWCeNnaob0lakDtWQzSdtNWzJeOJt2ma+g==}

  '@emnapi/runtime@1.4.3':
    resolution: {integrity: sha512-pBPWdu6MLKROBX05wSNKcNb++m5Er+KQ9QkB+WVM+pW2Kx9hoSrVTnu3BdkI5eBLZoKu/J6mW/B6i6bJB2ytXQ==}

  '@emnapi/wasi-threads@1.0.2':
    resolution: {integrity: sha512-5n3nTJblwRi8LlXkJ9eBzu+kZR8Yxcc7ubakyQTFzPMtIhFpUBRbsnc2Dv88IZDIbCDlBiWrknhB4Lsz7mg6BA==}

  '@minecraft/common@1.2.0':
    resolution: {integrity: sha512-JdmEq4P3Z/FtoBzhLijFgMSVFnFRrUoLwY8DHHrgtFo0mfLTOLTB1RErYjLMsA6b7BGVNxkX/pfFRiH7QZ0XwQ==}

  '@minecraft/server-admin@1.0.0-beta.11940b24':
    resolution: {integrity: sha512-UZ8YyB8mvF31f22+uM67gJums9d6NDgz9AQ2l4a++EHUP9uen0m3aaBaqM9RyumJpRBJbv/hslAKOyeDT01qew==}

  '@minecraft/server-net@1.0.0-beta.11940b24':
    resolution: {integrity: sha512-jiL03mGNpADCfvPDyydheEAhdi7J++nx5nB7Gyu3GImDlV5pv9uTwKCrnmILrLs4qJTtxhuRLKBKRlVyYDpKMw==}

  '@minecraft/server-ui@1.3.0':
    resolution: {integrity: sha512-Vgo7s+gxjHaNmm8lYTW+HL1JguyZggsn1UB86++eqV1KoRlLnqJH1wBJU2OIb1kQ6HXH0pnL206pxmRy7lmmjg==}

  '@minecraft/server@1.19.0':
    resolution: {integrity: sha512-Nq42tLYRcH8AIxpBq1F9/sXia75Vp7k7SXnV+t+yaFNKHwE7LZIfJ3TSbQ4THWTbf1VjwnbSUfJ0qVb3aTDCug==}
    peerDependencies:
      '@minecraft/vanilla-data': '>=1.20.70'

  '@minecraft/vanilla-data@1.21.80':
    resolution: {integrity: sha512-wm6GkTrVbl/8oFFyXL7iDaYj1a+sH6fpYthonxCmoWK/48mf1x1ZvrTZB1rdJFnMo7euNDMnib6uXut6qFmzpw==}

  '@napi-rs/wasm-runtime@0.2.9':
    resolution: {integrity: sha512-OKRBiajrrxB9ATokgEQoG87Z25c67pCpYcCwmXYX8PBftC9pBfN18gnm/fh1wurSLEKIAt+QRFLFCQISrb66Jg==}

  '@rolldown/binding-darwin-arm64@0.15.1':
    resolution: {integrity: sha512-eHszEW3Tpf2MNCOB3Qq+ypXBJl5MY+QNmb32AfUkcjGLtS6A84CkzjLLRBCIAJJ07WR0dD2EbOEjFXyp9JpdxA==}
    cpu: [arm64]
    os: [darwin]

  '@rolldown/binding-darwin-x64@0.15.1':
    resolution: {integrity: sha512-0IczkPBKzftwezo19wR/W7b2uXrPIgU5sDpic2DGndqZwcqtO0LBg1SvRoTUFzs0sSqIK/e2fo0VUzOe1wShLQ==}
    cpu: [x64]
    os: [darwin]

  '@rolldown/binding-freebsd-x64@0.15.1':
    resolution: {integrity: sha512-yad0CKnx9H3NQZCfV4gTzsfTQxqFEJvJSzyXxxA/RhGa6nq/3S/JugQAis37xjaVmQ39NMRrRQ7NokbagHlJVA==}
    cpu: [x64]
    os: [freebsd]

  '@rolldown/binding-linux-arm-gnueabihf@0.15.1':
    resolution: {integrity: sha512-B4YuHSz18yvZ7ng0qy7ZhzWe+IyeZ1EUAIvBH7O7Fg69oDUp3TqCkh/nnY7mLNPoA2BCwwweIMAOX7U778J1Ww==}
    cpu: [arm]
    os: [linux]

  '@rolldown/binding-linux-arm64-gnu@0.15.1':
    resolution: {integrity: sha512-2v4ZE/a75XA96f7Hmw8RibVIHktpREHTvAG/jG+0718UAVl0XS1o3gCcfJHOzq0vxRM6JrJxL0An6Blqx0zo/g==}
    cpu: [arm64]
    os: [linux]

  '@rolldown/binding-linux-arm64-musl@0.15.1':
    resolution: {integrity: sha512-ICZANEBNJxpaZPspK3Xd5+pG6CO/0pEOMPJEBiUi67Gy6NexyN9ILPwXoF3ZWEmBMizcURt52xkqoUuEGpJMQg==}
    cpu: [arm64]
    os: [linux]

  '@rolldown/binding-linux-x64-gnu@0.15.1':
    resolution: {integrity: sha512-PldpjbytgMM0eKmnRAvKM6F4bwpRS3aoFr5AAOtbdIxC08ABG/ab+xXuwjdVyo2xxM3nTItbma76verU8lkCgA==}
    cpu: [x64]
    os: [linux]

  '@rolldown/binding-linux-x64-musl@0.15.1':
    resolution: {integrity: sha512-ydIgDOKQi92RQjgFFuMeO09IWe0fWLcmhv7opAjutcGwEgqediamlhgmDW2eRJTqHwhT56zMVpivvejMR2KT8g==}
    cpu: [x64]
    os: [linux]

  '@rolldown/binding-wasm32-wasi@0.15.1':
    resolution: {integrity: sha512-tNE0tEX+h0WmFx2hL3s1zZOrJtB3hVJkyrMMdyCGwB+ockaeBpinqLsbWzd130RODODLXnMIDXKZcFA8yATMpg==}
    engines: {node: '>=14.21.3'}
    cpu: [wasm32]

  '@rolldown/binding-win32-arm64-msvc@0.15.1':
    resolution: {integrity: sha512-/t1r1tT95cZ2Qt+GO+9pCmgwSNzBRQnX9TL+FJOi9js2PYTnftGq7oU7/VbITpAvwd3bsuWoVncCBnOhgRjxRw==}
    cpu: [arm64]
    os: [win32]

  '@rolldown/binding-win32-ia32-msvc@0.15.1':
    resolution: {integrity: sha512-x/IImodHRMXeUVUg/BslxYfbBCVTyR1vToEkBiyDt7QVdWBOVAnn/hHOwDRNXBsLLhNB8s74EGzwCihC0TZRgw==}
    cpu: [ia32]
    os: [win32]

  '@rolldown/binding-win32-x64-msvc@0.15.1':
    resolution: {integrity: sha512-8h55cfyhl2WVXZz+FRFhcBAS7cZUZscZ9Uu5lTq+21+wC7LShiBTe8slbACZDNShSW1vskx/bvOQ4PienU1ovA==}
    cpu: [x64]
    os: [win32]

  '@tybys/wasm-util@0.9.0':
    resolution: {integrity: sha512-6+7nlbMVX/PVDCwaIQ8nTOPveOcFLSt8GcXdx8hD0bt39uWxYT88uXzqTd4fTvqta7oeUJqudepapKNt2DYJFw==}

  '@types/node@22.15.17':
    resolution: {integrity: sha512-wIX2aSZL5FE+MR0JlvF87BNVrtFWf6AE6rxSE9X7OwnVvoyCQjpzSRJ+M87se/4QCkCiebQAqrJ0y6fwIyi7nw==}

  balanced-match@1.0.2:
    resolution: {integrity: sha512-3oSeUO0TMV67hN1AmbXsK4yaqU7tjiHlbxRDZOpH0KW9+CeX4bRAaX0Anxt0tx2MrpRpWwQaPwIlISEJhYU5Pw==}

  binary@0.3.0:
    resolution: {integrity: sha512-D4H1y5KYwpJgK8wk1Cue5LLPgmwHKYSChkbspQg5JtVuR5ulGckxfR62H3AE9UDkdMC8yyXlqYihuz3Aqg2XZg==}

  brace-expansion@2.0.1:
    resolution: {integrity: sha512-XnAIvQ8eM+kC6aULx6wuQiwVsnzsi9d3WxzV3FpWTGA19F621kwdbsAcFKXgKUHZWsy+mY6iL1sHTxWEFCytDA==}

  buffers@0.1.1:
    resolution: {integrity: sha512-9q/rDEGSb/Qsvv2qvzIzdluL5k7AaJOTrw23z9reQthrbF7is4CtlT0DXyO1oei2DCp4uojjzQ7igaSHp1kAEQ==}
    engines: {node: '>=0.2.0'}

  chainsaw@0.1.0:
    resolution: {integrity: sha512-75kWfWt6MEKNC8xYXIdRpDehRYY/tNSgwKaJq+dbbDcxORuVrrQ+SEHoWsniVn9XPYfP4gmdWIeDk/4YNp1rNQ==}

  minimatch@10.0.1:
    resolution: {integrity: sha512-ethXTt3SGGR+95gudmqJ1eNhRO7eGEGIgYA9vnPatK4/etz2MEVDno5GMCibdMTuBMyElzIlgxMna3K94XDIDQ==}
    engines: {node: 20 || >=22}

  minimist@1.2.8:
    resolution: {integrity: sha512-2yyAR8qBkN3YuheJanUpWC5U3bb5osDywNB8RzDVlDwDHbocAJveqqj1u8+SVD7jkWT4yvsHCpWqqWqAxb0zCA==}

  mkdirp@0.5.6:
    resolution: {integrity: sha512-FP+p8RB8OWpF3YZBCrP5gtADmtXApB5AMLn+vdyA+PyxCjrCs00mjyUozssO33cwDeT3wNGdLxJ5M//YqtHAJw==}
    hasBin: true

  prettier@3.5.3:
    resolution: {integrity: sha512-QQtaxnoDJeAkDvDKWCLiwIXkTgRhwYDEQCghU9Z6q03iyek/rxRh/2lC3HB7P8sWT2xC/y5JDctPLBIGzHKbhw==}
    engines: {node: '>=14'}
    hasBin: true

  rolldown@0.15.1:
    resolution: {integrity: sha512-i368PJXHjqyYm9ZXdnI0j/etPF2euP5OG/C0RnhO/bHkZEo4WmorWbaYfeRqe6MEo/H3wkXxGz/y1Vnaq5FiuQ==}
    hasBin: true
    peerDependencies:
      '@babel/runtime': '>=7'
    peerDependenciesMeta:
      '@babel/runtime':
        optional: true

  traverse@0.3.9:
    resolution: {integrity: sha512-iawgk0hLP3SxGKDfnDJf8wTz4p2qImnyihM5Hh/sGvQ3K37dPi/w8sRhdNIxYA1TwFwc5mDhIJq+O0RsvXBKdQ==}

  tslib@2.8.1:
    resolution: {integrity: sha512-oJFu94HQb+KVduSUQL7wnpmqnfmLsOA/nAh6b6EH0wCEoK0/mPeXU6c3wKDV83MkOuHPRHtSXKKU99IBazS/2w==}

  typescript@5.8.3:
    resolution: {integrity: sha512-p1diW6TqL9L07nNxvRMM7hMMw4c5XOo/1ibL4aAIGmSAt9slTE1Xgw5KWuof2uTOvCg9BY7ZRi+GaF+7sfgPeQ==}
    engines: {node: '>=14.17'}
    hasBin: true

  undici-types@6.21.0:
    resolution: {integrity: sha512-iwDZqg0QAGrg9Rav5H4n0M64c3mkR59cJ6wQp+7C4nI0gsmExaedaYLNO44eT4AtBBwjbTiGPMlt2Md0T9H9JQ==}

  unzip-stream@0.3.4:
    resolution: {integrity: sha512-PyofABPVv+d7fL7GOpusx7eRT9YETY2X04PhwbSipdj6bMxVCFJrr+nm0Mxqbf9hUiTin/UsnuFWBXlDZFy0Cw==}

  zod@3.24.4:
    resolution: {integrity: sha512-OdqJE9UDRPwWsrHjLN2F8bPxvwJBK22EHLWtanu0LSYr5YqzsaaW3RMgmjwr8Rypg5k+meEJdSPXJZXE/yqOMg==}

snapshots:

  '@emnapi/core@1.4.3':
    dependencies:
      '@emnapi/wasi-threads': 1.0.2
      tslib: 2.8.1
    optional: true

  '@emnapi/runtime@1.4.3':
    dependencies:
      tslib: 2.8.1
    optional: true

  '@emnapi/wasi-threads@1.0.2':
    dependencies:
      tslib: 2.8.1
    optional: true

  '@minecraft/common@1.2.0': {}

  '@minecraft/server-admin@1.0.0-beta.11940b24': {}

  '@minecraft/server-net@1.0.0-beta.11940b24':
    dependencies:
      '@minecraft/server-admin': 1.0.0-beta.11940b24

  '@minecraft/server-ui@1.3.0(@minecraft/vanilla-data@1.21.80)':
    dependencies:
      '@minecraft/common': 1.2.0
      '@minecraft/server': 1.19.0(@minecraft/vanilla-data@1.21.80)
    transitivePeerDependencies:
      - '@minecraft/vanilla-data'

  '@minecraft/server@1.19.0(@minecraft/vanilla-data@1.21.80)':
    dependencies:
      '@minecraft/common': 1.2.0
      '@minecraft/vanilla-data': 1.21.80

  '@minecraft/vanilla-data@1.21.80': {}

  '@napi-rs/wasm-runtime@0.2.9':
    dependencies:
      '@emnapi/core': 1.4.3
      '@emnapi/runtime': 1.4.3
      '@tybys/wasm-util': 0.9.0
    optional: true

  '@rolldown/binding-darwin-arm64@0.15.1':
    optional: true

  '@rolldown/binding-darwin-x64@0.15.1':
    optional: true

  '@rolldown/binding-freebsd-x64@0.15.1':
    optional: true

  '@rolldown/binding-linux-arm-gnueabihf@0.15.1':
    optional: true

  '@rolldown/binding-linux-arm64-gnu@0.15.1':
    optional: true

  '@rolldown/binding-linux-arm64-musl@0.15.1':
    optional: true

  '@rolldown/binding-linux-x64-gnu@0.15.1':
    optional: true

  '@rolldown/binding-linux-x64-musl@0.15.1':
    optional: true

  '@rolldown/binding-wasm32-wasi@0.15.1':
    dependencies:
      '@napi-rs/wasm-runtime': 0.2.9
    optional: true

  '@rolldown/binding-win32-arm64-msvc@0.15.1':
    optional: true

  '@rolldown/binding-win32-ia32-msvc@0.15.1':
    optional: true

  '@rolldown/binding-win32-x64-msvc@0.15.1':
    optional: true

  '@tybys/wasm-util@0.9.0':
    dependencies:
      tslib: 2.8.1
    optional: true

  '@types/node@22.15.17':
    dependencies:
      undici-types: 6.21.0

  balanced-match@1.0.2: {}

  binary@0.3.0:
    dependencies:
      buffers: 0.1.1
      chainsaw: 0.1.0

  brace-expansion@2.0.1:
    dependencies:
      balanced-match: 1.0.2

  buffers@0.1.1: {}

  chainsaw@0.1.0:
    dependencies:
      traverse: 0.3.9

  minimatch@10.0.1:
    dependencies:
      brace-expansion: 2.0.1

  minimist@1.2.8: {}

  mkdirp@0.5.6:
    dependencies:
      minimist: 1.2.8

  prettier@3.5.3: {}

  rolldown@0.15.1:
    dependencies:
      zod: 3.24.4
    optionalDependencies:
      '@rolldown/binding-darwin-arm64': 0.15.1
      '@rolldown/binding-darwin-x64': 0.15.1
      '@rolldown/binding-freebsd-x64': 0.15.1
      '@rolldown/binding-linux-arm-gnueabihf': 0.15.1
      '@rolldown/binding-linux-arm64-gnu': 0.15.1
      '@rolldown/binding-linux-arm64-musl': 0.15.1
      '@rolldown/binding-linux-x64-gnu': 0.15.1
      '@rolldown/binding-linux-x64-musl': 0.15.1
      '@rolldown/binding-wasm32-wasi': 0.15.1
      '@rolldown/binding-win32-arm64-msvc': 0.15.1
      '@rolldown/binding-win32-ia32-msvc': 0.15.1
      '@rolldown/binding-win32-x64-msvc': 0.15.1

  traverse@0.3.9: {}

  tslib@2.8.1:
    optional: true

  typescript@5.8.3: {}

  undici-types@6.21.0: {}

  unzip-stream@0.3.4:
    dependencies:
      binary: 0.3.0
      mkdirp: 0.5.6

  zod@3.24.4: {}
